Microsoft Visual Studio Solution File, Format Version 12.00
# Visual Studio Version 17
VisualStudioVersion = 17.5.2.0
MinimumVisualStudioVersion = 10.0.40219.1
Project("{FAE04EC0-301F-11D3-BF4B-00C04F79EFBC}") = "TS3AudioBot-KugouPlayer", "TS3AudioBot-KugouPlayer.csproj", "{CE4F8842-4012-147C-C214-96F363911BD9}"
EndProject
Global
	GlobalSection(SolutionConfigurationPlatforms) = preSolution
		Debug|Any CPU = Debug|Any CPU
		Release|Any CPU = Release|Any CPU
	EndGlobalSection
	GlobalSection(ProjectConfigurationPlatforms) = postSolution
		{CE4F8842-4012-147C-C214-96F363911BD9}.Debug|Any CPU.ActiveCfg = Debug|Any CPU
		{CE4F8842-4012-147C-C214-96F363911BD9}.Debug|Any CPU.Build.0 = Debug|Any CPU
		{CE4F8842-4012-147C-C214-96F363911BD9}.Release|Any CPU.ActiveCfg = Release|Any CPU
		{CE4F8842-4012-147C-C214-96F363911BD9}.Release|Any CPU.Build.0 = Release|Any CPU
	EndGlobalSection
	GlobalSection(SolutionProperties) = preSolution
		HideSolutionNode = FALSE
	EndGlobalSection
	GlobalSection(ExtensibilityGlobals) = postSolution
		SolutionGuid = {00CCD6A7-F030-4462-8FC2-AEC58402240F}
	EndGlobalSection
EndGlobal
